
Microsoft Visual Studio Solution File, Format Version 10.00
# Visual Studio 2008
Project("{8BC9CEB8-8B4A-11D0-8D11-00A0C91BC942}") = "WindowsCppApp", "WindowsCppApp\WindowsCppApp.vcproj", "{2467E74F-A23D-4ED9-BCB3-28473E2F211D}"
EndProject
Global
	GlobalSection(SolutionConfigurationPlatforms) = preSolution
		Debug|Win32 = Debug|Win32
		Release|Win32 = Release|Win32
	EndGlobalSection
	GlobalSection(ProjectConfigurationPlatforms) = postSolution
		{2467E74F-A23D-4ED9-BCB3-28473E2F211D}.Debug|Win32.ActiveCfg = Debug|Win32
		{2467E74F-A23D-4ED9-BCB3-28473E2F211D}.Debug|Win32.Build.0 = Debug|Win32
		{2467E74F-A23D-4ED9-BCB3-28473E2F211D}.Release|Win32.ActiveCfg = Release|Win32
		{2467E74F-A23D-4ED9-BCB3-28473E2F211D}.Release|Win32.Build.0 = Release|Win32
	EndGlobalSection
	GlobalSection(SolutionProperties) = preSolution
		HideSolutionNode = FALSE
	EndGlobalSection
EndGlobal
