
Microsoft Visual Studio Solution File, Format Version 10.00
# Visual Studio 2008
Project("{FAE04EC0-301F-11D3-BF4B-00C04F79EFBC}") = "AquaNextWindowDriver", "AquaNextWindowDriver\AquaNextWindowDriver.csproj", "{0F65B187-6F22-4110-BDB5-DEB91271223C}"
EndProject
Global
	GlobalSection(SolutionConfigurationPlatforms) = preSolution
		Debug|Any CPU = Debug|Any CPU
		Release|Any CPU = Release|Any CPU
	EndGlobalSection
	GlobalSection(ProjectConfigurationPlatforms) = postSolution
		{0F65B187-6F22-4110-BDB5-DEB91271223C}.Debug|Any CPU.ActiveCfg = Debug|Any CPU
		{0F65B187-6F22-4110-BDB5-DEB91271223C}.Debug|Any CPU.Build.0 = Debug|Any CPU
		{0F65B187-6F22-4110-BDB5-DEB91271223C}.Release|Any CPU.ActiveCfg = Release|Any CPU
		{0F65B187-6F22-4110-BDB5-DEB91271223C}.Release|Any CPU.Build.0 = Release|Any CPU
	EndGlobalSection
	GlobalSection(SolutionProperties) = preSolution
		HideSolutionNode = FALSE
	EndGlobalSection
EndGlobal
