
Microsoft Visual Studio Solution File, Format Version 10.00
# Visual Studio 2008
Project("{FAE04EC0-301F-11D3-BF4B-00C04F79EFBC}") = "AquaWiiRemote", "AquaWiiRemote\AquaWiiRemote.csproj", "{8C88BB44-39FF-4561-8DE6-282A4E8BB12A}"
EndProject
Global
	GlobalSection(SolutionConfigurationPlatforms) = preSolution
		Debug|Any CPU = Debug|Any CPU
		Release|Any CPU = Release|Any CPU
	EndGlobalSection
	GlobalSection(ProjectConfigurationPlatforms) = postSolution
		{8C88BB44-39FF-4561-8DE6-282A4E8BB12A}.Debug|Any CPU.ActiveCfg = Debug|Any CPU
		{8C88BB44-39FF-4561-8DE6-282A4E8BB12A}.Debug|Any CPU.Build.0 = Debug|Any CPU
		{8C88BB44-39FF-4561-8DE6-282A4E8BB12A}.Release|Any CPU.ActiveCfg = Release|Any CPU
		{8C88BB44-39FF-4561-8DE6-282A4E8BB12A}.Release|Any CPU.Build.0 = Release|Any CPU
	EndGlobalSection
	GlobalSection(SolutionProperties) = preSolution
		HideSolutionNode = FALSE
	EndGlobalSection
EndGlobal
